
Microsoft Visual Studio Solution File, Format Version 12.00
# Visual Studio 15
VisualStudioVersion = 15.0.27428.2011
MinimumVisualStudioVersion = 10.0.40219.1
Project("{FAE04EC0-301F-11D3-BF4B-00C04F79EFBC}") = "cwism", "cwism\cwism.csproj", "{1C86443D-5D1A-46A5-B881-39A9D233365D}"
EndProject
Project("{FAE04EC0-301F-11D3-BF4B-00C04F79EFBC}") = "wism", "wism\wism.csproj", "{6150D953-BF84-439D-8AFA-C885613A6BB9}"
EndProject
Project("{FAE04EC0-301F-11D3-BF4B-00C04F79EFBC}") = "wismtest", "wismtest\wismtest.csproj", "{9FBDB7CD-3960-4250-B871-CB2C01E045ED}"
EndProject
Global
	GlobalSection(SolutionConfigurationPlatforms) = preSolution
		Debug|Any CPU = Debug|Any CPU
		Release|Any CPU = Release|Any CPU
	EndGlobalSection
	GlobalSection(ProjectConfigurationPlatforms) = postSolution
		{1C86443D-5D1A-46A5-B881-39A9D233365D}.Debug|Any CPU.ActiveCfg = Debug|Any CPU
		{1C86443D-5D1A-46A5-B881-39A9D233365D}.Debug|Any CPU.Build.0 = Debug|Any CPU
		{1C86443D-5D1A-46A5-B881-39A9D233365D}.Release|Any CPU.ActiveCfg = Release|Any CPU
		{1C86443D-5D1A-46A5-B881-39A9D233365D}.Release|Any CPU.Build.0 = Release|Any CPU
		{6150D953-BF84-439D-8AFA-C885613A6BB9}.Debug|Any CPU.ActiveCfg = Debug|Any CPU
		{6150D953-BF84-439D-8AFA-C885613A6BB9}.Debug|Any CPU.Build.0 = Debug|Any CPU
		{6150D953-BF84-439D-8AFA-C885613A6BB9}.Release|Any CPU.ActiveCfg = Release|Any CPU
		{6150D953-BF84-439D-8AFA-C885613A6BB9}.Release|Any CPU.Build.0 = Release|Any CPU
		{9FBDB7CD-3960-4250-B871-CB2C01E045ED}.Debug|Any CPU.ActiveCfg = Debug|Any CPU
		{9FBDB7CD-3960-4250-B871-CB2C01E045ED}.Debug|Any CPU.Build.0 = Debug|Any CPU
		{9FBDB7CD-3960-4250-B871-CB2C01E045ED}.Release|Any CPU.ActiveCfg = Release|Any CPU
		{9FBDB7CD-3960-4250-B871-CB2C01E045ED}.Release|Any CPU.Build.0 = Release|Any CPU
	EndGlobalSection
	GlobalSection(SolutionProperties) = preSolution
		HideSolutionNode = FALSE
	EndGlobalSection
	GlobalSection(ExtensibilityGlobals) = postSolution
		SolutionGuid = {AF9BAAA6-773A-411D-A148-86E67A3521DA}
	EndGlobalSection
EndGlobal
